// !$*UTF8*$!
{
	archiveVersion = 1;
	classes = {
	};
	objectVersion = 56;
	objects = {

/* Begin PBXBuildFile section */
		4F0F3A5F2A15522C0096DB29 /* Login.swift in Sources */ = {isa = PBXBuildFile; fileRef = 4F0F3A5E2A15522C0096DB29 /* Login.swift */; };
		4F2ACE1A2A162E3B008F2A74 /* ProductRating.swift in Sources */ = {isa = PBXBuildFile; fileRef = 4F2ACE192A162E3B008F2A74 /* ProductRating.swift */; };
		4FA1C7802A0680A200F1818B /* swiftui_projectApp.swift in Sources */ = {isa = PBXBuildFile; fileRef = 4FA1C77F2A0680A200F1818B /* swiftui_projectApp.swift */; };
		4FA1C7822A0680A200F1818B /* LoginView.swift in Sources */ = {isa = PBXBuildFile; fileRef = 4FA1C7812A0680A200F1818B /* LoginView.swift */; };
		4FA1C7842A0680A300F1818B /* Assets.xcassets in Resources */ = {isa = PBXBuildFile; fileRef = 4FA1C7832A0680A300F1818B /* Assets.xcassets */; };
		4FA1C7882A0680A300F1818B /* Preview Assets.xcassets in Resources */ = {isa = PBXBuildFile; fileRef = 4FA1C7872A0680A300F1818B /* Preview Assets.xcassets */; };
		4FB2718F2A10C8BE00C01395 /* Alamofire in Frameworks */ = {isa = PBXBuildFile; productRef = 4FB2718E2A10C8BE00C01395 /* Alamofire */; };
		4FB271922A10C90E00C01395 /* NetworkinManager.swift in Sources */ = {isa = PBXBuildFile; fileRef = 4FB271912A10C90E00C01395 /* NetworkinManager.swift */; };
		4FB271952A10C9B400C01395 /* RepositoryProtocol.swift in Sources */ = {isa = PBXBuildFile; fileRef = 4FB271942A10C9B400C01395 /* RepositoryProtocol.swift */; };
		4FB271982A10CE3900C01395 /* ProductViewModel.swift in Sources */ = {isa = PBXBuildFile; fileRef = 4FB271972A10CE3900C01395 /* ProductViewModel.swift */; };
		4FB2719A2A10D04C00C01395 /* ProductRepository.swift in Sources */ = {isa = PBXBuildFile; fileRef = 4FB271992A10D04C00C01395 /* ProductRepository.swift */; };
		4FB2719D2A10D89500C01395 /* Factory in Frameworks */ = {isa = PBXBuildFile; productRef = 4FB2719C2A10D89500C01395 /* Factory */; };
		4FB271A02A10D8B800C01395 /* FactoryExtensions.swift in Sources */ = {isa = PBXBuildFile; fileRef = 4FB2719F2A10D8B800C01395 /* FactoryExtensions.swift */; };
		4FB271A42A10DB0E00C01395 /* Product.swift in Sources */ = {isa = PBXBuildFile; fileRef = 4FB271A32A10DB0E00C01395 /* Product.swift */; };
		4FB64E532A1555700002B598 /* LoginRepository.swift in Sources */ = {isa = PBXBuildFile; fileRef = 4FB64E522A1555700002B598 /* LoginRepository.swift */; };
		4FF686C92A0D697A0094836B /* LoginViewModel.swift in Sources */ = {isa = PBXBuildFile; fileRef = 4FF686C82A0D697A0094836B /* LoginViewModel.swift */; };
		4FFC31942A07E0B100A5998C /* ProductDetailsView.swift in Sources */ = {isa = PBXBuildFile; fileRef = 4FFC31932A07E0B100A5998C /* ProductDetailsView.swift */; };
/* End PBXBuildFile section */

/* Begin PBXFileReference section */
		4F0F3A5E2A15522C0096DB29 /* Login.swift */ = {isa = PBXFileReference; lastKnownFileType = sourcecode.swift; path = Login.swift; sourceTree = "<group>"; };
		4F2ACE192A162E3B008F2A74 /* ProductRating.swift */ = {isa = PBXFileReference; lastKnownFileType = sourcecode.swift; path = ProductRating.swift; sourceTree = "<group>"; };
		4FA1C77C2A0680A200F1818B /* swiftui-project.app */ = {isa = PBXFileReference; explicitFileType = wrapper.application; includeInIndex = 0; path = "swiftui-project.app"; sourceTree = BUILT_PRODUCTS_DIR; };
		4FA1C77F2A0680A200F1818B /* swiftui_projectApp.swift */ = {isa = PBXFileReference; lastKnownFileType = sourcecode.swift; path = swiftui_projectApp.swift; sourceTree = "<group>"; };
		4FA1C7812A0680A200F1818B /* LoginView.swift */ = {isa = PBXFileReference; lastKnownFileType = sourcecode.swift; path = LoginView.swift; sourceTree = "<group>"; };
		4FA1C7832A0680A300F1818B /* Assets.xcassets */ = {isa = PBXFileReference; lastKnownFileType = folder.assetcatalog; path = Assets.xcassets; sourceTree = "<group>"; };
		4FA1C7852A0680A300F1818B /* swiftui_project.entitlements */ = {isa = PBXFileReference; lastKnownFileType = text.plist.entitlements; path = swiftui_project.entitlements; sourceTree = "<group>"; };
		4FA1C7872A0680A300F1818B /* Preview Assets.xcassets */ = {isa = PBXFileReference; lastKnownFileType = folder.assetcatalog; path = "Preview Assets.xcassets"; sourceTree = "<group>"; };
		4FB271912A10C90E00C01395 /* NetworkinManager.swift */ = {isa = PBXFileReference; lastKnownFileType = sourcecode.swift; path = NetworkinManager.swift; sourceTree = "<group>"; };
		4FB271942A10C9B400C01395 /* RepositoryProtocol.swift */ = {isa = PBXFileReference; lastKnownFileType = sourcecode.swift; path = RepositoryProtocol.swift; sourceTree = "<group>"; };
		4FB271972A10CE3900C01395 /* ProductViewModel.swift */ = {isa = PBXFileReference; lastKnownFileType = sourcecode.swift; path = ProductViewModel.swift; sourceTree = "<group>"; };
		4FB271992A10D04C00C01395 /* ProductRepository.swift */ = {isa = PBXFileReference; lastKnownFileType = sourcecode.swift; path = ProductRepository.swift; sourceTree = "<group>"; };
		4FB2719F2A10D8B800C01395 /* FactoryExtensions.swift */ = {isa = PBXFileReference; lastKnownFileType = sourcecode.swift; path = FactoryExtensions.swift; sourceTree = "<group>"; };
		4FB271A32A10DB0E00C01395 /* Product.swift */ = {isa = PBXFileReference; lastKnownFileType = sourcecode.swift; path = Product.swift; sourceTree = "<group>"; };
		4FB64E522A1555700002B598 /* LoginRepository.swift */ = {isa = PBXFileReference; lastKnownFileType = sourcecode.swift; path = LoginRepository.swift; sourceTree = "<group>"; };
		4FF686C82A0D697A0094836B /* LoginViewModel.swift */ = {isa = PBXFileReference; lastKnownFileType = sourcecode.swift; path = LoginViewModel.swift; sourceTree = "<group>"; };
		4FFC31932A07E0B100A5998C /* ProductDetailsView.swift */ = {isa = PBXFileReference; lastKnownFileType = sourcecode.swift; path = ProductDetailsView.swift; sourceTree = "<group>"; };
/* End PBXFileReference section */

/* Begin PBXFrameworksBuildPhase section */
		4FA1C7792A0680A200F1818B /* Frameworks */ = {
			isa = PBXFrameworksBuildPhase;
			buildActionMask = 2147483647;
			files = (
				4FB2718F2A10C8BE00C01395 /* Alamofire in Frameworks */,
				4FB2719D2A10D89500C01395 /* Factory in Frameworks */,
			);
			runOnlyForDeploymentPostprocessing = 0;
		};
/* End PBXFrameworksBuildPhase section */

/* Begin PBXGroup section */
		4F2ACE182A162E24008F2A74 /* Layouts */ = {
			isa = PBXGroup;
			children = (
				4F2ACE192A162E3B008F2A74 /* ProductRating.swift */,
			);
			path = Layouts;
			sourceTree = "<group>";
		};
		4FA1C7732A0680A200F1818B = {
			isa = PBXGroup;
			children = (
				4FA1C77E2A0680A200F1818B /* swiftui-project */,
				4FA1C77D2A0680A200F1818B /* Products */,
			);
			sourceTree = "<group>";
		};
		4FA1C77D2A0680A200F1818B /* Products */ = {
			isa = PBXGroup;
			children = (
				4FA1C77C2A0680A200F1818B /* swiftui-project.app */,
			);
			name = Products;
			sourceTree = "<group>";
		};
		4FA1C77E2A0680A200F1818B /* swiftui-project */ = {
			isa = PBXGroup;
			children = (
				4FB271A22A10DAF700C01395 /* Model */,
				4FB2719E2A10D8A000C01395 /* Extensions */,
				4FB271902A10C8E200C01395 /* Networking */,
				4FA1C77F2A0680A200F1818B /* swiftui_projectApp.swift */,
				4FF686C52A0D685B0094836B /* View */,
				4FA1C7832A0680A300F1818B /* Assets.xcassets */,
				4FA1C7852A0680A300F1818B /* swiftui_project.entitlements */,
				4FA1C7862A0680A300F1818B /* Preview Content */,
			);
			path = "swiftui-project";
			sourceTree = "<group>";
		};
		4FA1C7862A0680A300F1818B /* Preview Content */ = {
			isa = PBXGroup;
			children = (
				4FA1C7872A0680A300F1818B /* Preview Assets.xcassets */,
			);
			path = "Preview Content";
			sourceTree = "<group>";
		};
		4FB271902A10C8E200C01395 /* Networking */ = {
			isa = PBXGroup;
			children = (
				4FB271932A10C98300C01395 /* Repositories */,
				4FB271912A10C90E00C01395 /* NetworkinManager.swift */,
			);
			path = Networking;
			sourceTree = "<group>";
		};
		4FB271932A10C98300C01395 /* Repositories */ = {
			isa = PBXGroup;
			children = (
				4FB271942A10C9B400C01395 /* RepositoryProtocol.swift */,
				4FB271992A10D04C00C01395 /* ProductRepository.swift */,
				4FB64E522A1555700002B598 /* LoginRepository.swift */,
			);
			path = Repositories;
			sourceTree = "<group>";
		};
		4FB2719E2A10D8A000C01395 /* Extensions */ = {
			isa = PBXGroup;
			children = (
				4FB2719F2A10D8B800C01395 /* FactoryExtensions.swift */,
			);
			path = Extensions;
			sourceTree = "<group>";
		};
		4FB271A12A10D98900C01395 /* ProductDetails */ = {
			isa = PBXGroup;
			children = (
				4FB271972A10CE3900C01395 /* ProductViewModel.swift */,
				4FFC31932A07E0B100A5998C /* ProductDetailsView.swift */,
			);
			path = ProductDetails;
			sourceTree = "<group>";
		};
		4FB271A22A10DAF700C01395 /* Model */ = {
			isa = PBXGroup;
			children = (
				4FB271A32A10DB0E00C01395 /* Product.swift */,
				4F0F3A5E2A15522C0096DB29 /* Login.swift */,
			);
			path = Model;
			sourceTree = "<group>";
		};
		4FF686C52A0D685B0094836B /* View */ = {
			isa = PBXGroup;
			children = (
				4F2ACE182A162E24008F2A74 /* Layouts */,
				4FB271A12A10D98900C01395 /* ProductDetails */,
				4FF686C72A0D687C0094836B /* Login */,
			);
			path = View;
			sourceTree = "<group>";
		};
		4FF686C72A0D687C0094836B /* Login */ = {
			isa = PBXGroup;
			children = (
				4FA1C7812A0680A200F1818B /* LoginView.swift */,
				4FF686C82A0D697A0094836B /* LoginViewModel.swift */,
			);
			path = Login;
			sourceTree = "<group>";
		};
/* End PBXGroup section */

/* Begin PBXNativeTarget section */
		4FA1C77B2A0680A200F1818B /* swiftui-project */ = {
			isa = PBXNativeTarget;
			buildConfigurationList = 4FA1C78B2A0680A300F1818B /* Build configuration list for PBXNativeTarget "swiftui-project" */;
			buildPhases = (
				4FA1C7782A0680A200F1818B /* Sources */,
				4FA1C7792A0680A200F1818B /* Frameworks */,
				4FA1C77A2A0680A200F1818B /* Resources */,
			);
			buildRules = (
			);
			dependencies = (
			);
			name = "swiftui-project";
			packageProductDependencies = (
				4FB2718E2A10C8BE00C01395 /* Alamofire */,
				4FB2719C2A10D89500C01395 /* Factory */,
			);
			productName = "swiftui-project";
			productReference = 4FA1C77C2A0680A200F1818B /* swiftui-project.app */;
			productType = "com.apple.product-type.application";
		};
/* End PBXNativeTarget section */

/* Begin PBXProject section */
		4FA1C7742A0680A200F1818B /* Project object */ = {
			isa = PBXProject;
			attributes = {
				BuildIndependentTargetsInParallel = 1;
				LastSwiftUpdateCheck = 1430;
				LastUpgradeCheck = 1430;
				TargetAttributes = {
					4FA1C77B2A0680A200F1818B = {
						CreatedOnToolsVersion = 14.3;
					};
				};
			};
			buildConfigurationList = 4FA1C7772A0680A200F1818B /* Build configuration list for PBXProject "swiftui-project" */;
			compatibilityVersion = "Xcode 14.0";
			developmentRegion = en;
			hasScannedForEncodings = 0;
			knownRegions = (
				en,
				Base,
			);
			mainGroup = 4FA1C7732A0680A200F1818B;
			packageReferences = (
				4FB2718D2A10C8BE00C01395 /* XCRemoteSwiftPackageReference "Alamofire" */,
				4FB2719B2A10D89500C01395 /* XCRemoteSwiftPackageReference "Factory" */,
			);
			productRefGroup = 4FA1C77D2A0680A200F1818B /* Products */;
			projectDirPath = "";
			projectRoot = "";
			targets = (
				4FA1C77B2A0680A200F1818B /* swiftui-project */,
			);
		};
/* End PBXProject section */

/* Begin PBXResourcesBuildPhase section */
		4FA1C77A2A0680A200F1818B /* Resources */ = {
			isa = PBXResourcesBuildPhase;
			buildActionMask = 2147483647;
			files = (
				4FA1C7882A0680A300F1818B /* Preview Assets.xcassets in Resources */,
				4FA1C7842A0680A300F1818B /* Assets.xcassets in Resources */,
			);
			runOnlyForDeploymentPostprocessing = 0;
		};
/* End PBXResourcesBuildPhase section */

/* Begin PBXSourcesBuildPhase section */
		4FA1C7782A0680A200F1818B /* Sources */ = {
			isa = PBXSourcesBuildPhase;
			buildActionMask = 2147483647;
			files = (
				4FF686C92A0D697A0094836B /* LoginViewModel.swift in Sources */,
				4FB271A02A10D8B800C01395 /* FactoryExtensions.swift in Sources */,
				4FA1C7822A0680A200F1818B /* LoginView.swift in Sources */,
				4FFC31942A07E0B100A5998C /* ProductDetailsView.swift in Sources */,
				4FA1C7802A0680A200F1818B /* swiftui_projectApp.swift in Sources */,
				4FB64E532A1555700002B598 /* LoginRepository.swift in Sources */,
				4FB271922A10C90E00C01395 /* NetworkinManager.swift in Sources */,
				4FB2719A2A10D04C00C01395 /* ProductRepository.swift in Sources */,
				4FB271A42A10DB0E00C01395 /* Product.swift in Sources */,
				4FB271982A10CE3900C01395 /* ProductViewModel.swift in Sources */,
				4F2ACE1A2A162E3B008F2A74 /* ProductRating.swift in Sources */,
				4F0F3A5F2A15522C0096DB29 /* Login.swift in Sources */,
				4FB271952A10C9B400C01395 /* RepositoryProtocol.swift in Sources */,
			);
			runOnlyForDeploymentPostprocessing = 0;
		};
/* End PBXSourcesBuildPhase section */

/* Begin XCBuildConfiguration section */
		4FA1C7892A0680A300F1818B /* Debug */ = {
			isa = XCBuildConfiguration;
			buildSettings = {
				ALWAYS_SEARCH_USER_PATHS = NO;
				CLANG_ANALYZER_NONNULL = YES;
				CLANG_ANALYZER_NUMBER_OBJECT_CONVERSION = YES_AGGRESSIVE;
				CLANG_CXX_LANGUAGE_STANDARD = "gnu++20";
				CLANG_ENABLE_MODULES = YES;
				CLANG_ENABLE_OBJC_ARC = YES;
				CLANG_ENABLE_OBJC_WEAK = YES;
				CLANG_WARN_BLOCK_CAPTURE_AUTORELEASING = YES;
				CLANG_WARN_BOOL_CONVERSION = YES;
				CLANG_WARN_COMMA = YES;
				CLANG_WARN_CONSTANT_CONVERSION = YES;
				CLANG_WARN_DEPRECATED_OBJC_IMPLEMENTATIONS = YES;
				CLANG_WARN_DIRECT_OBJC_ISA_USAGE = YES_ERROR;
				CLANG_WARN_DOCUMENTATION_COMMENTS = YES;
				CLANG_WARN_EMPTY_BODY = YES;
				CLANG_WARN_ENUM_CONVERSION = YES;
				CLANG_WARN_INFINITE_RECURSION = YES;
				CLANG_WARN_INT_CONVERSION = YES;
				CLANG_WARN_NON_LITERAL_NULL_CONVERSION = YES;
				CLANG_WARN_OBJC_IMPLICIT_RETAIN_SELF = YES;
				CLANG_WARN_OBJC_LITERAL_CONVERSION = YES;
				CLANG_WARN_OBJC_ROOT_CLASS = YES_ERROR;
				CLANG_WARN_QUOTED_INCLUDE_IN_FRAMEWORK_HEADER = YES;
				CLANG_WARN_RANGE_LOOP_ANALYSIS = YES;
				CLANG_WARN_STRICT_PROTOTYPES = YES;
				CLANG_WARN_SUSPICIOUS_MOVE = YES;
				CLANG_WARN_UNGUARDED_AVAILABILITY = YES_AGGRESSIVE;
				CLANG_WARN_UNREACHABLE_CODE = YES;
				CLANG_WARN__DUPLICATE_METHOD_MATCH = YES;
				COPY_PHASE_STRIP = NO;
				DEBUG_INFORMATION_FORMAT = dwarf;
				ENABLE_STRICT_OBJC_MSGSEND = YES;
				ENABLE_TESTABILITY = YES;
				GCC_C_LANGUAGE_STANDARD = gnu11;
				GCC_DYNAMIC_NO_PIC = NO;
				GCC_NO_COMMON_BLOCKS = YES;
				GCC_OPTIMIZATION_LEVEL = 0;
				GCC_PREPROCESSOR_DEFINITIONS = (
					"DEBUG=1",
					"$(inherited)",
				);
				GCC_WARN_64_TO_32_BIT_CONVERSION = YES;
				GCC_WARN_ABOUT_RETURN_TYPE = YES_ERROR;
				GCC_WARN_UNDECLARED_SELECTOR = YES;
				GCC_WARN_UNINITIALIZED_AUTOS = YES_AGGRESSIVE;
				GCC_WARN_UNUSED_FUNCTION = YES;
				GCC_WARN_UNUSED_VARIABLE = YES;
				MTL_ENABLE_DEBUG_INFO = INCLUDE_SOURCE;
				MTL_FAST_MATH = YES;
				ONLY_ACTIVE_ARCH = YES;
				SWIFT_ACTIVE_COMPILATION_CONDITIONS = DEBUG;
				SWIFT_OPTIMIZATION_LEVEL = "-Onone";
			};
			name = Debug;
		};
		4FA1C78A2A0680A300F1818B /* Release */ = {
			isa = XCBuildConfiguration;
			buildSettings = {
				ALWAYS_SEARCH_USER_PATHS = NO;
				CLANG_ANALYZER_NONNULL = YES;
				CLANG_ANALYZER_NUMBER_OBJECT_CONVERSION = YES_AGGRESSIVE;
				CLANG_CXX_LANGUAGE_STANDARD = "gnu++20";
				CLANG_ENABLE_MODULES = YES;
				CLANG_ENABLE_OBJC_ARC = YES;
				CLANG_ENABLE_OBJC_WEAK = YES;
				CLANG_WARN_BLOCK_CAPTURE_AUTORELEASING = YES;
				CLANG_WARN_BOOL_CONVERSION = YES;
				CLANG_WARN_COMMA = YES;
				CLANG_WARN_CONSTANT_CONVERSION = YES;
				CLANG_WARN_DEPRECATED_OBJC_IMPLEMENTATIONS = YES;
				CLANG_WARN_DIRECT_OBJC_ISA_USAGE = YES_ERROR;
				CLANG_WARN_DOCUMENTATION_COMMENTS = YES;
				CLANG_WARN_EMPTY_BODY = YES;
				CLANG_WARN_ENUM_CONVERSION = YES;
				CLANG_WARN_INFINITE_RECURSION = YES;
				CLANG_WARN_INT_CONVERSION = YES;
				CLANG_WARN_NON_LITERAL_NULL_CONVERSION = YES;
				CLANG_WARN_OBJC_IMPLICIT_RETAIN_SELF = YES;
				CLANG_WARN_OBJC_LITERAL_CONVERSION = YES;
				CLANG_WARN_OBJC_ROOT_CLASS = YES_ERROR;
				CLANG_WARN_QUOTED_INCLUDE_IN_FRAMEWORK_HEADER = YES;
				CLANG_WARN_RANGE_LOOP_ANALYSIS = YES;
				CLANG_WARN_STRICT_PROTOTYPES = YES;
				CLANG_WARN_SUSPICIOUS_MOVE = YES;
				CLANG_WARN_UNGUARDED_AVAILABILITY = YES_AGGRESSIVE;
				CLANG_WARN_UNREACHABLE_CODE = YES;
				CLANG_WARN__DUPLICATE_METHOD_MATCH = YES;
				COPY_PHASE_STRIP = NO;
				DEBUG_INFORMATION_FORMAT = "dwarf-with-dsym";
				ENABLE_NS_ASSERTIONS = NO;
				ENABLE_STRICT_OBJC_MSGSEND = YES;
				GCC_C_LANGUAGE_STANDARD = gnu11;
				GCC_NO_COMMON_BLOCKS = YES;
				GCC_WARN_64_TO_32_BIT_CONVERSION = YES;
				GCC_WARN_ABOUT_RETURN_TYPE = YES_ERROR;
				GCC_WARN_UNDECLARED_SELECTOR = YES;
				GCC_WARN_UNINITIALIZED_AUTOS = YES_AGGRESSIVE;
				GCC_WARN_UNUSED_FUNCTION = YES;
				GCC_WARN_UNUSED_VARIABLE = YES;
				MTL_ENABLE_DEBUG_INFO = NO;
				MTL_FAST_MATH = YES;
				SWIFT_COMPILATION_MODE = wholemodule;
				SWIFT_OPTIMIZATION_LEVEL = "-O";
			};
			name = Release;
		};
		4FA1C78C2A0680A300F1818B /* Debug */ = {
			isa = XCBuildConfiguration;
			buildSettings = {
				ASSETCATALOG_COMPILER_APPICON_NAME = AppIcon;
				ASSETCATALOG_COMPILER_GLOBAL_ACCENT_COLOR_NAME = AccentColor;
				CODE_SIGN_ENTITLEMENTS = "swiftui-project/swiftui_project.entitlements";
				CODE_SIGN_STYLE = Automatic;
				CURRENT_PROJECT_VERSION = 1;
				DEVELOPMENT_ASSET_PATHS = "\"swiftui-project/Preview Content\"";
				ENABLE_PREVIEWS = YES;
				GENERATE_INFOPLIST_FILE = YES;
				"INFOPLIST_KEY_UIApplicationSceneManifest_Generation[sdk=iphoneos*]" = YES;
				"INFOPLIST_KEY_UIApplicationSceneManifest_Generation[sdk=iphonesimulator*]" = YES;
				"INFOPLIST_KEY_UIApplicationSupportsIndirectInputEvents[sdk=iphoneos*]" = YES;
				"INFOPLIST_KEY_UIApplicationSupportsIndirectInputEvents[sdk=iphonesimulator*]" = YES;
				"INFOPLIST_KEY_UILaunchScreen_Generation[sdk=iphoneos*]" = YES;
				"INFOPLIST_KEY_UILaunchScreen_Generation[sdk=iphonesimulator*]" = YES;
				"INFOPLIST_KEY_UIStatusBarStyle[sdk=iphoneos*]" = UIStatusBarStyleDefault;
				"INFOPLIST_KEY_UIStatusBarStyle[sdk=iphonesimulator*]" = UIStatusBarStyleDefault;
				INFOPLIST_KEY_UISupportedInterfaceOrientations_iPad = "UIInterfaceOrientationPortrait UIInterfaceOrientationPortraitUpsideDown UIInterfaceOrientationLandscapeLeft UIInterfaceOrientationLandscapeRight";
				INFOPLIST_KEY_UISupportedInterfaceOrientations_iPhone = "UIInterfaceOrientationPortrait UIInterfaceOrientationLandscapeLeft UIInterfaceOrientationLandscapeRight";
				IPHONEOS_DEPLOYMENT_TARGET = 16.4;
				LD_RUNPATH_SEARCH_PATHS = "@executable_path/Frameworks";
				"LD_RUNPATH_SEARCH_PATHS[sdk=macosx*]" = "@executable_path/../Frameworks";
				MACOSX_DEPLOYMENT_TARGET = 13.3;
				MARKETING_VERSION = 1.0;
				PRODUCT_BUNDLE_IDENTIFIER = "com.accedia.ava.swiftui-project";
				PRODUCT_NAME = "$(TARGET_NAME)";
				SDKROOT = auto;
				SUPPORTED_PLATFORMS = "iphoneos iphonesimulator macosx";
				SWIFT_EMIT_LOC_STRINGS = YES;
				SWIFT_VERSION = 5.0;
				TARGETED_DEVICE_FAMILY = "1,2";
			};
			name = Debug;
		};
		4FA1C78D2A0680A300F1818B /* Release */ = {
			isa = XCBuildConfiguration;
			buildSettings = {
				ASSETCATALOG_COMPILER_APPICON_NAME = AppIcon;
				ASSETCATALOG_COMPILER_GLOBAL_ACCENT_COLOR_NAME = AccentColor;
				CODE_SIGN_ENTITLEMENTS = "swiftui-project/swiftui_project.entitlements";
				CODE_SIGN_STYLE = Automatic;
				CURRENT_PROJECT_VERSION = 1;
				DEVELOPMENT_ASSET_PATHS = "\"swiftui-project/Preview Content\"";
				ENABLE_PREVIEWS = YES;
				GENERATE_INFOPLIST_FILE = YES;
				"INFOPLIST_KEY_UIApplicationSceneManifest_Generation[sdk=iphoneos*]" = YES;
				"INFOPLIST_KEY_UIApplicationSceneManifest_Generation[sdk=iphonesimulator*]" = YES;
				"INFOPLIST_KEY_UIApplicationSupportsIndirectInputEvents[sdk=iphoneos*]" = YES;
				"INFOPLIST_KEY_UIApplicationSupportsIndirectInputEvents[sdk=iphonesimulator*]" = YES;
				"INFOPLIST_KEY_UILaunchScreen_Generation[sdk=iphoneos*]" = YES;
				"INFOPLIST_KEY_UILaunchScreen_Generation[sdk=iphonesimulator*]" = YES;
				"INFOPLIST_KEY_UIStatusBarStyle[sdk=iphoneos*]" = UIStatusBarStyleDefault;
				"INFOPLIST_KEY_UIStatusBarStyle[sdk=iphonesimulator*]" = UIStatusBarStyleDefault;
				INFOPLIST_KEY_UISupportedInterfaceOrientations_iPad = "UIInterfaceOrientationPortrait UIInterfaceOrientationPortraitUpsideDown UIInterfaceOrientationLandscapeLeft UIInterfaceOrientationLandscapeRight";
				INFOPLIST_KEY_UISupportedInterfaceOrientations_iPhone = "UIInterfaceOrientationPortrait UIInterfaceOrientationLandscapeLeft UIInterfaceOrientationLandscapeRight";
				IPHONEOS_DEPLOYMENT_TARGET = 16.4;
				LD_RUNPATH_SEARCH_PATHS = "@executable_path/Frameworks";
				"LD_RUNPATH_SEARCH_PATHS[sdk=macosx*]" = "@executable_path/../Frameworks";
				MACOSX_DEPLOYMENT_TARGET = 13.3;
				MARKETING_VERSION = 1.0;
				PRODUCT_BUNDLE_IDENTIFIER = "com.accedia.ava.swiftui-project";
				PRODUCT_NAME = "$(TARGET_NAME)";
				SDKROOT = auto;
				SUPPORTED_PLATFORMS = "iphoneos iphonesimulator macosx";
				SWIFT_EMIT_LOC_STRINGS = YES;
				SWIFT_VERSION = 5.0;
				TARGETED_DEVICE_FAMILY = "1,2";
			};
			name = Release;
		};
/* End XCBuildConfiguration section */

/* Begin XCConfigurationList section */
		4FA1C7772A0680A200F1818B /* Build configuration list for PBXProject "swiftui-project" */ = {
			isa = XCConfigurationList;
			buildConfigurations = (
				4FA1C7892A0680A300F1818B /* Debug */,
				4FA1C78A2A0680A300F1818B /* Release */,
			);
			defaultConfigurationIsVisible = 0;
			defaultConfigurationName = Release;
		};
		4FA1C78B2A0680A300F1818B /* Build configuration list for PBXNativeTarget "swiftui-project" */ = {
			isa = XCConfigurationList;
			buildConfigurations = (
				4FA1C78C2A0680A300F1818B /* Debug */,
				4FA1C78D2A0680A300F1818B /* Release */,
			);
			defaultConfigurationIsVisible = 0;
			defaultConfigurationName = Release;
		};
/* End XCConfigurationList section */

/* Begin XCRemoteSwiftPackageReference section */
		4FB2718D2A10C8BE00C01395 /* XCRemoteSwiftPackageReference "Alamofire" */ = {
			isa = XCRemoteSwiftPackageReference;
			repositoryURL = "https://github.com/Alamofire/Alamofire";
			requirement = {
				kind = upToNextMajorVersion;
				minimumVersion = 5.0.0;
			};
		};
		4FB2719B2A10D89500C01395 /* XCRemoteSwiftPackageReference "Factory" */ = {
			isa = XCRemoteSwiftPackageReference;
			repositoryURL = "https://github.com/hmlongco/Factory";
			requirement = {
				kind = upToNextMajorVersion;
				minimumVersion = 2.0.0;
			};
		};
/* End XCRemoteSwiftPackageReference section */

/* Begin XCSwiftPackageProductDependency section */
		4FB2718E2A10C8BE00C01395 /* Alamofire */ = {
			isa = XCSwiftPackageProductDependency;
			package = 4FB2718D2A10C8BE00C01395 /* XCRemoteSwiftPackageReference "Alamofire" */;
			productName = Alamofire;
		};
		4FB2719C2A10D89500C01395 /* Factory */ = {
			isa = XCSwiftPackageProductDependency;
			package = 4FB2719B2A10D89500C01395 /* XCRemoteSwiftPackageReference "Factory" */;
			productName = Factory;
		};
/* End XCSwiftPackageProductDependency section */
	};
	rootObject = 4FA1C7742A0680A200F1818B /* Project object */;
}
